
Microsoft Visual Studio Solution File, Format Version 12.00
# Visual Studio Version 16
VisualStudioVersion = 16.0.31410.357
MinimumVisualStudioVersion = 10.0.40219.1
Project("{FAE04EC0-301F-11D3-BF4B-00C04F79EFBC}") = "appWeb", "appWeb\appWeb.csproj", "{257E7B30-36FC-4B38-82FC-455DB318CDFB}"
EndProject
Global
	GlobalSection(SolutionConfigurationPlatforms) = preSolution
		Debug|Any CPU = Debug|Any CPU
		Release|Any CPU = Release|Any CPU
	EndGlobalSection
	GlobalSection(ProjectConfigurationPlatforms) = postSolution
		{257E7B30-36FC-4B38-82FC-455DB318CDFB}.Debug|Any CPU.ActiveCfg = Debug|Any CPU
		{257E7B30-36FC-4B38-82FC-455DB318CDFB}.Debug|Any CPU.Build.0 = Debug|Any CPU
		{257E7B30-36FC-4B38-82FC-455DB318CDFB}.Release|Any CPU.ActiveCfg = Release|Any CPU
		{257E7B30-36FC-4B38-82FC-455DB318CDFB}.Release|Any CPU.Build.0 = Release|Any CPU
	EndGlobalSection
	GlobalSection(SolutionProperties) = preSolution
		HideSolutionNode = FALSE
	EndGlobalSection
	GlobalSection(ExtensibilityGlobals) = postSolution
		SolutionGuid = {A1256551-EC83-43DE-8AAF-526E9C6F24F0}
	EndGlobalSection
EndGlobal
